
Microsoft Visual Studio Solution File, Format Version 12.00
# Visual Studio Version 17
VisualStudioVersion = 17.10.35122.118
MinimumVisualStudioVersion = 10.0.40219.1
Project("{FAE04EC0-301F-11D3-BF4B-00C04F79EFBC}") = "POC_TSG_AutoGenerator_v2", "POC_TSG_AutoGenerator_v2\POC_TSG_AutoGenerator_v2.csproj", "{A123427F-96D0-4703-B092-F2041FCCA28F}"
EndProject
Project("{FAE04EC0-301F-11D3-BF4B-00C04F79EFBC}") = "POC_TSG_AutoGenerator_v2Web", "POC_TSG_AutoGenerator_v2Web\POC_TSG_AutoGenerator_v2Web.csproj", "{2EC451F8-1941-472F-9E46-FAED0295FBCC}"
EndProject
Global
	GlobalSection(SolutionConfigurationPlatforms) = preSolution
		Debug|Any CPU = Debug|Any CPU
		Release|Any CPU = Release|Any CPU
	EndGlobalSection
	GlobalSection(ProjectConfigurationPlatforms) = postSolution
		{A123427F-96D0-4703-B092-F2041FCCA28F}.Debug|Any CPU.ActiveCfg = Debug|Any CPU
		{A123427F-96D0-4703-B092-F2041FCCA28F}.Debug|Any CPU.Build.0 = Debug|Any CPU
		{A123427F-96D0-4703-B092-F2041FCCA28F}.Debug|Any CPU.Deploy.0 = Debug|Any CPU
		{A123427F-96D0-4703-B092-F2041FCCA28F}.Release|Any CPU.ActiveCfg = Release|Any CPU
		{A123427F-96D0-4703-B092-F2041FCCA28F}.Release|Any CPU.Build.0 = Release|Any CPU
		{A123427F-96D0-4703-B092-F2041FCCA28F}.Release|Any CPU.Deploy.0 = Release|Any CPU
		{2EC451F8-1941-472F-9E46-FAED0295FBCC}.Debug|Any CPU.ActiveCfg = Debug|Any CPU
		{2EC451F8-1941-472F-9E46-FAED0295FBCC}.Debug|Any CPU.Build.0 = Debug|Any CPU
		{2EC451F8-1941-472F-9E46-FAED0295FBCC}.Release|Any CPU.ActiveCfg = Release|Any CPU
		{2EC451F8-1941-472F-9E46-FAED0295FBCC}.Release|Any CPU.Build.0 = Release|Any CPU
	EndGlobalSection
	GlobalSection(SolutionProperties) = preSolution
		HideSolutionNode = FALSE
	EndGlobalSection
	GlobalSection(ExtensibilityGlobals) = postSolution
		SolutionGuid = {88B9B768-A2B0-4971-AF92-D3DEA4591F35}
	EndGlobalSection
EndGlobal
